
Microsoft Visual Studio Solution File, Format Version 12.00
# Visual Studio 15
VisualStudioVersion = 15.0.28307.572
MinimumVisualStudioVersion = 10.0.40219.1
Project("{FAE04EC0-301F-11D3-BF4B-00C04F79EFBC}") = "WoodForestConversion.Main", "ConversionMain\WoodForestConversion.Main.csproj", "{23CF97BD-8D9E-425B-834D-0D5699631058}"
EndProject
Project("{FAE04EC0-301F-11D3-BF4B-00C04F79EFBC}") = "WoodForestConversion.Data", "WoodForestConversion.Data\WoodForestConversion.Data.csproj", "{1B4069AF-2E77-4421-B608-B23D5885640C}"
EndProject
Project("{FAE04EC0-301F-11D3-BF4B-00C04F79EFBC}") = "WoodForestConversion.API", "WoodForestConversion.API\WoodForestConversion.API.csproj", "{57EA226D-2236-44B5-A3D9-815324EE6FBC}"
EndProject
Project("{FAE04EC0-301F-11D3-BF4B-00C04F79EFBC}") = "WoodForestConversion.DataVisualization", "WindowsFormsApp1\WoodForestConversion.DataVisualization.csproj", "{787F9689-DEDD-4E7F-B597-F82EF240BB88}"
EndProject
Global
	GlobalSection(SolutionConfigurationPlatforms) = preSolution
		Debug|Any CPU = Debug|Any CPU
		Release|Any CPU = Release|Any CPU
	EndGlobalSection
	GlobalSection(ProjectConfigurationPlatforms) = postSolution
		{23CF97BD-8D9E-425B-834D-0D5699631058}.Debug|Any CPU.ActiveCfg = Debug|Any CPU
		{23CF97BD-8D9E-425B-834D-0D5699631058}.Debug|Any CPU.Build.0 = Debug|Any CPU
		{23CF97BD-8D9E-425B-834D-0D5699631058}.Release|Any CPU.ActiveCfg = Release|Any CPU
		{23CF97BD-8D9E-425B-834D-0D5699631058}.Release|Any CPU.Build.0 = Release|Any CPU
		{1B4069AF-2E77-4421-B608-B23D5885640C}.Debug|Any CPU.ActiveCfg = Debug|Any CPU
		{1B4069AF-2E77-4421-B608-B23D5885640C}.Debug|Any CPU.Build.0 = Debug|Any CPU
		{1B4069AF-2E77-4421-B608-B23D5885640C}.Release|Any CPU.ActiveCfg = Release|Any CPU
		{1B4069AF-2E77-4421-B608-B23D5885640C}.Release|Any CPU.Build.0 = Release|Any CPU
		{57EA226D-2236-44B5-A3D9-815324EE6FBC}.Debug|Any CPU.ActiveCfg = Debug|Any CPU
		{57EA226D-2236-44B5-A3D9-815324EE6FBC}.Debug|Any CPU.Build.0 = Debug|Any CPU
		{57EA226D-2236-44B5-A3D9-815324EE6FBC}.Release|Any CPU.ActiveCfg = Release|Any CPU
		{57EA226D-2236-44B5-A3D9-815324EE6FBC}.Release|Any CPU.Build.0 = Release|Any CPU
		{787F9689-DEDD-4E7F-B597-F82EF240BB88}.Debug|Any CPU.ActiveCfg = Debug|Any CPU
		{787F9689-DEDD-4E7F-B597-F82EF240BB88}.Debug|Any CPU.Build.0 = Debug|Any CPU
		{787F9689-DEDD-4E7F-B597-F82EF240BB88}.Release|Any CPU.ActiveCfg = Release|Any CPU
		{787F9689-DEDD-4E7F-B597-F82EF240BB88}.Release|Any CPU.Build.0 = Release|Any CPU
	EndGlobalSection
	GlobalSection(SolutionProperties) = preSolution
		HideSolutionNode = FALSE
	EndGlobalSection
	GlobalSection(ExtensibilityGlobals) = postSolution
		SolutionGuid = {22B9A183-9D03-49C7-9867-C7C06879E038}
	EndGlobalSection
EndGlobal
